
Microsoft Visual Studio Solution File, Format Version 12.00
# Visual Studio 15
VisualStudioVersion = 15.0.28307.960
MinimumVisualStudioVersion = 10.0.40219.1
Project("{FAE04EC0-301F-11D3-BF4B-00C04F79EFBC}") = "VS17CoreMVC", "VS17CoreMVC\VS17CoreMVC.csproj", "{B5F9B17D-D9A9-4604-9899-407E0E38B3E5}"
EndProject
Global
	GlobalSection(SolutionConfigurationPlatforms) = preSolution
		Debug|Any CPU = Debug|Any CPU
		Release|Any CPU = Release|Any CPU
	EndGlobalSection
	GlobalSection(ProjectConfigurationPlatforms) = postSolution
		{B5F9B17D-D9A9-4604-9899-407E0E38B3E5}.Debug|Any CPU.ActiveCfg = Debug|Any CPU
		{B5F9B17D-D9A9-4604-9899-407E0E38B3E5}.Debug|Any CPU.Build.0 = Debug|Any CPU
		{B5F9B17D-D9A9-4604-9899-407E0E38B3E5}.Release|Any CPU.ActiveCfg = Release|Any CPU
		{B5F9B17D-D9A9-4604-9899-407E0E38B3E5}.Release|Any CPU.Build.0 = Release|Any CPU
	EndGlobalSection
	GlobalSection(SolutionProperties) = preSolution
		HideSolutionNode = FALSE
	EndGlobalSection
	GlobalSection(ExtensibilityGlobals) = postSolution
		SolutionGuid = {97C96C02-0027-4C7E-871D-D07F270D9A99}
	EndGlobalSection
EndGlobal
